<Solution>
  <Folder Name="/Solution Items/">
    <File Path=".github/workflows/build.yml" />
    <File Path="Directory.Build.props" />
    <File Path="Directory.Packages.props" />
    <File Path="global.json" />
  </Folder>
  <Project Path="EFCore.NamingConventions.Test/EFCore.NamingConventions.Test.csproj" />
  <Project Path="EFCore.NamingConventions/EFCore.NamingConventions.csproj" />
</Solution>
